
Microsoft Visual Studio Solution File, Format Version 12.00
# Visual Studio Version 16
VisualStudioVersion = 16.0.29926.136
MinimumVisualStudioVersion = 10.0.40219.1
Project("{FAE04EC0-301F-11D3-BF4B-00C04F79EFBC}") = "WebApi2", "WebApi2\WebApi2.csproj", "{B376A49F-C2F6-42EE-919C-82A79BF544B2}"
EndProject
Global
	GlobalSection(SolutionConfigurationPlatforms) = preSolution
		Debug|Any CPU = Debug|Any CPU
		Release|Any CPU = Release|Any CPU
	EndGlobalSection
	GlobalSection(ProjectConfigurationPlatforms) = postSolution
		{B376A49F-C2F6-42EE-919C-82A79BF544B2}.Debug|Any CPU.ActiveCfg = Debug|Any CPU
		{B376A49F-C2F6-42EE-919C-82A79BF544B2}.Debug|Any CPU.Build.0 = Debug|Any CPU
		{B376A49F-C2F6-42EE-919C-82A79BF544B2}.Release|Any CPU.ActiveCfg = Release|Any CPU
		{B376A49F-C2F6-42EE-919C-82A79BF544B2}.Release|Any CPU.Build.0 = Release|Any CPU
	EndGlobalSection
	GlobalSection(SolutionProperties) = preSolution
		HideSolutionNode = FALSE
	EndGlobalSection
	GlobalSection(ExtensibilityGlobals) = postSolution
		SolutionGuid = {2A0110C5-F39F-4C24-9666-1F5622EA3E17}
	EndGlobalSection
EndGlobal
